{
  "requires": true,
  "lockfileVersion": 1,
  "dependencies": {
    "giojs": {
      "version": "2.0.0",
      "resolved": "https://registry.npmjs.org/giojs/-/giojs-2.0.0.tgz",
      "integrity": "sha512-gwhZ+fxf8O18cOk67OyHZ8nNCGDukTfB0yzfWPLwIHAJpA4WmG/R8ygKhFFoQ4zDMzJGnp9gfG1F8SG3iyAcnQ==",
      "requires": {
        "stats.js": "0.17.0",
        "three": "0.90.0"
      }
    },
    "stats.js": {
      "version": "0.17.0",
      "resolved": "https://registry.npmjs.org/stats.js/-/stats.js-0.17.0.tgz",
      "integrity": "sha1-scPcRtlEmLV4t/05hbgaznExzH0="
    },
    "three": {
      "version": "0.90.0",
      "resolved": "https://registry.npmjs.org/three/-/three-0.90.0.tgz",
      "integrity": "sha512-sCTgOp/0ITLy0bsUoNeUROq2Tt1G0+StfRBs9ljFTENRF5JkKlTjZ+RWSH6qyq6O3c5fDKRupfuqZE/+LbETiA=="
    }
  }
}
