{
  "name": "portfolio_website",
  "version": "1.0.0",
  "lockfileVersion": 1,
  "requires": true,
  "dependencies": {
    "clone": {
      "version": "2.1.2",
      "resolved": "https://registry.npmjs.org/clone/-/clone-2.1.2.tgz",
      "integrity": "sha1-G39Ln1kfHo+DZwQBYANFoCiHQ18="
    },
    "deep-equal": {
      "version": "1.0.1",
      "resolved": "https://registry.npmjs.org/deep-equal/-/deep-equal-1.0.1.tgz",
      "integrity": "sha1-9dJgKStmDghO/0zbyfCK0yR0SLU="
    },
    "eventemitter3": {
      "version": "2.0.3",
      "resolved": "https://registry.npmjs.org/eventemitter3/-/eventemitter3-2.0.3.tgz",
      "integrity": "sha1-teEHm1n7XhuidxwKmTvgYKWMmbo="
    },
    "extend": {
      "version": "3.0.2",
      "resolved": "https://registry.npmjs.org/extend/-/extend-3.0.2.tgz",
      "integrity": "sha512-fjquC59cD7CyW6urNXK0FBufkZcoiGG80wTuPujX590cB5Ttln20E2UB4S/WARVqhXffZl2LNgS+gQdPIIim/g=="
    },
    "fast-diff": {
      "version": "1.1.2",
      "resolved": "https://registry.npmjs.org/fast-diff/-/fast-diff-1.1.2.tgz",
      "integrity": "sha512-KaJUt+M9t1qaIteSvjc6P3RbMdXsNhK61GRftR6SNxqmhthcd9MGIi4T+o0jD8LUSpSnSKXE20nLtJ3fOHxQig=="
    },
    "giojs": {
      "version": "2.0.0",
      "resolved": "https://registry.npmjs.org/giojs/-/giojs-2.0.0.tgz",
      "integrity": "sha512-gwhZ+fxf8O18cOk67OyHZ8nNCGDukTfB0yzfWPLwIHAJpA4WmG/R8ygKhFFoQ4zDMzJGnp9gfG1F8SG3iyAcnQ==",
      "requires": {
        "stats.js": "^0.17.0",
        "three": "^0.90.0"
      }
    },
    "lodash": {
      "version": "4.17.11",
      "resolved": "https://registry.npmjs.org/lodash/-/lodash-4.17.11.tgz",
      "integrity": "sha512-cQKh8igo5QUhZ7lg38DYWAxMvjSAKG0A8wGSVimP07SIUEK2UO+arSRKbRZWtelMtN5V0Hkwh5ryOto/SshYIg=="
    },
    "parchment": {
      "version": "1.1.4",
      "resolved": "https://registry.npmjs.org/parchment/-/parchment-1.1.4.tgz",
      "integrity": "sha512-J5FBQt/pM2inLzg4hEWmzQx/8h8D0CiDxaG3vyp9rKrQRSDgBlhjdP5jQGgosEajXPSQouXGHOmVdgo7QmJuOg=="
    },
    "quill": {
      "version": "1.3.6",
      "resolved": "https://registry.npmjs.org/quill/-/quill-1.3.6.tgz",
      "integrity": "sha512-K0mvhimWZN6s+9OQ249CH2IEPZ9JmkFuCQeHAOQax3EZ2nDJ3wfGh59mnlQaZV2i7u8eFarx6wAtvQKgShojug==",
      "requires": {
        "clone": "^2.1.1",
        "deep-equal": "^1.0.1",
        "eventemitter3": "^2.0.3",
        "extend": "^3.0.1",
        "parchment": "^1.1.4",
        "quill-delta": "^3.6.2"
      }
    },
    "quill-delta": {
      "version": "3.6.3",
      "resolved": "https://registry.npmjs.org/quill-delta/-/quill-delta-3.6.3.tgz",
      "integrity": "sha512-wdIGBlcX13tCHOXGMVnnTVFtGRLoP0imqxM696fIPwIf5ODIYUHIvHbZcyvGlZFiFhK5XzDC2lpjbxRhnM05Tg==",
      "requires": {
        "deep-equal": "^1.0.1",
        "extend": "^3.0.2",
        "fast-diff": "1.1.2"
      }
    },
    "quill-image-resize": {
      "version": "3.0.9",
      "resolved": "https://registry.npmjs.org/quill-image-resize/-/quill-image-resize-3.0.9.tgz",
      "integrity": "sha512-5Dk0nixhbFsCwSWtPU9qqqtfM2gURfaP+pbBhQvAoMJoF4p99xbAibfAI3gsZJkbWUodoK2iAPf1V5oTSpv9ww==",
      "requires": {
        "lodash": "^4.17.4",
        "quill": "^1.2.2",
        "raw-loader": "^0.5.1"
      }
    },
    "quill-image-uploader": {
      "version": "1.0.2",
      "resolved": "https://registry.npmjs.org/quill-image-uploader/-/quill-image-uploader-1.0.2.tgz",
      "integrity": "sha512-iHt2IxE5jHuFr3HXNrZrurQOZt7MnyM0rL6BF8gQJey4yMNh0I1ljPn6tOOHoalIxY6NmTtDAAADwBQVCMKwYg==",
      "requires": {
        "quill": "^1.3.6"
      }
    },
    "raw-loader": {
      "version": "0.5.1",
      "resolved": "https://registry.npmjs.org/raw-loader/-/raw-loader-0.5.1.tgz",
      "integrity": "sha1-DD0L6u2KAclm2Xh793goElKpeao="
    },
    "stats.js": {
      "version": "0.17.0",
      "resolved": "https://registry.npmjs.org/stats.js/-/stats.js-0.17.0.tgz",
      "integrity": "sha1-scPcRtlEmLV4t/05hbgaznExzH0="
    },
    "three": {
      "version": "0.90.0",
      "resolved": "https://registry.npmjs.org/three/-/three-0.90.0.tgz",
      "integrity": "sha512-sCTgOp/0ITLy0bsUoNeUROq2Tt1G0+StfRBs9ljFTENRF5JkKlTjZ+RWSH6qyq6O3c5fDKRupfuqZE/+LbETiA=="
    }
  }
}
